{
  "name": "payumoney_example",
  "version": "1.0.0",
  "lockfileVersion": 3,
  "requires": true,
  "packages": {
    "": {
      "name": "payumoney_example",
      "version": "1.0.0",
      "license": "ISC",
      "dependencies": {
        "payumoney-node": "^2.0.1"
      }
    },
    "node_modules/payumoney-node": {
      "version": "2.0.1",
      "resolved": "https://registry.npmjs.org/payumoney-node/-/payumoney-node-2.0.1.tgz",
      "integrity": "sha512-99dslN9ZjGLxEC4XyXgoEGR79JA7a5X+ZMziMbcjxJEGPMHN9MhoB/uifaaxviRfnwEJ8ETv3/qdaGBQslRbHg==",
      "bundleDependencies": [
        "js-sha512"
      ],
      "deprecated": "Package no longer supported. Contact Support at https://www.npmjs.com/support for more info.",
      "dependencies": {
        "js-sha512": "^0.5.0"
      }
    }
  }
}
